
Microsoft Visual Studio Solution File, Format Version 12.00
# Visual Studio Version 16
VisualStudioVersion = 16.0.29509.3
MinimumVisualStudioVersion = 10.0.40219.1
Project("{FAE04EC0-301F-11D3-BF4B-00C04F79EFBC}") = "FindAllPaths", "FindAllPaths.csproj", "{6067224F-23FB-415D-B564-E86DDD2FEEFE}"
EndProject
Global
	GlobalSection(SolutionConfigurationPlatforms) = preSolution
		Debug|Any CPU = Debug|Any CPU
		Release|Any CPU = Release|Any CPU
	EndGlobalSection
	GlobalSection(ProjectConfigurationPlatforms) = postSolution
		{6067224F-23FB-415D-B564-E86DDD2FEEFE}.Debug|Any CPU.ActiveCfg = Debug|Any CPU
		{6067224F-23FB-415D-B564-E86DDD2FEEFE}.Debug|Any CPU.Build.0 = Debug|Any CPU
		{6067224F-23FB-415D-B564-E86DDD2FEEFE}.Release|Any CPU.ActiveCfg = Release|Any CPU
		{6067224F-23FB-415D-B564-E86DDD2FEEFE}.Release|Any CPU.Build.0 = Release|Any CPU
	EndGlobalSection
	GlobalSection(SolutionProperties) = preSolution
		HideSolutionNode = FALSE
	EndGlobalSection
	GlobalSection(ExtensibilityGlobals) = postSolution
		SolutionGuid = {47C3C194-D5F6-4632-BA2E-F5454C14BA54}
	EndGlobalSection
EndGlobal
